
Microsoft Visual Studio Solution File, Format Version 12.00
# Visual Studio Version 16
VisualStudioVersion = 16.0.31729.503
MinimumVisualStudioVersion = 10.0.40219.1
Project("{9A19103F-16F7-4668-BE54-9A1E7A4F7556}") = "WebRPCServer", "WebRPCServer.csproj", "{FCEE00BF-2794-420D-86E6-8396964E0CA8}"
EndProject
Global
	GlobalSection(SolutionConfigurationPlatforms) = preSolution
		Debug|Any CPU = Debug|Any CPU
		Release|Any CPU = Release|Any CPU
	EndGlobalSection
	GlobalSection(ProjectConfigurationPlatforms) = postSolution
		{FCEE00BF-2794-420D-86E6-8396964E0CA8}.Debug|Any CPU.ActiveCfg = Debug|Any CPU
		{FCEE00BF-2794-420D-86E6-8396964E0CA8}.Debug|Any CPU.Build.0 = Debug|Any CPU
		{FCEE00BF-2794-420D-86E6-8396964E0CA8}.Release|Any CPU.ActiveCfg = Release|Any CPU
		{FCEE00BF-2794-420D-86E6-8396964E0CA8}.Release|Any CPU.Build.0 = Release|Any CPU
	EndGlobalSection
	GlobalSection(SolutionProperties) = preSolution
		HideSolutionNode = FALSE
	EndGlobalSection
	GlobalSection(ExtensibilityGlobals) = postSolution
		SolutionGuid = {AE11CD68-0A90-4AD6-B5F4-233A5FF37A88}
	EndGlobalSection
EndGlobal
